
Microsoft Visual Studio Solution File, Format Version 12.00
# Visual Studio Version 16
VisualStudioVersion = 16.0.32002.261
MinimumVisualStudioVersion = 10.0.40219.1
Project("{FAE04EC0-301F-11D3-BF4B-00C04F79EFBC}") = "CustomExtensions", "CustomExtensions.csproj", "{F2247CBA-7958-468B-9DA2-51C89C8DD9EE}"
EndProject
Global
	GlobalSection(SolutionConfigurationPlatforms) = preSolution
		Debug|Any CPU = Debug|Any CPU
		Release|Any CPU = Release|Any CPU
	EndGlobalSection
	GlobalSection(ProjectConfigurationPlatforms) = postSolution
		{F2247CBA-7958-468B-9DA2-51C89C8DD9EE}.Debug|Any CPU.ActiveCfg = Debug|Any CPU
		{F2247CBA-7958-468B-9DA2-51C89C8DD9EE}.Debug|Any CPU.Build.0 = Debug|Any CPU
		{F2247CBA-7958-468B-9DA2-51C89C8DD9EE}.Release|Any CPU.ActiveCfg = Release|Any CPU
		{F2247CBA-7958-468B-9DA2-51C89C8DD9EE}.Release|Any CPU.Build.0 = Release|Any CPU
	EndGlobalSection
	GlobalSection(SolutionProperties) = preSolution
		HideSolutionNode = FALSE
	EndGlobalSection
	GlobalSection(ExtensibilityGlobals) = postSolution
		SolutionGuid = {CF374BF7-C75F-4103-800B-7856F0981396}
	EndGlobalSection
EndGlobal
